
Microsoft Visual Studio Solution File, Format Version 12.00
# Visual Studio Version 17
VisualStudioVersion = 17.7.34024.191
MinimumVisualStudioVersion = 10.0.40219.1
Project("{8BC9CEB8-8B4A-11D0-8D11-00A0C91BC942}") = "gittest", "gittest\gittest.vcxproj", "{59D249B5-B2C4-46B9-9044-8229658A6D09}"
EndProject
Global
	GlobalSection(SolutionConfigurationPlatforms) = preSolution
		Debug|x64 = Debug|x64
		Debug|x86 = Debug|x86
		Release|x64 = Release|x64
		Release|x86 = Release|x86
	EndGlobalSection
	GlobalSection(ProjectConfigurationPlatforms) = postSolution
		{59D249B5-B2C4-46B9-9044-8229658A6D09}.Debug|x64.ActiveCfg = Debug|x64
		{59D249B5-B2C4-46B9-9044-8229658A6D09}.Debug|x64.Build.0 = Debug|x64
		{59D249B5-B2C4-46B9-9044-8229658A6D09}.Debug|x86.ActiveCfg = Debug|Win32
		{59D249B5-B2C4-46B9-9044-8229658A6D09}.Debug|x86.Build.0 = Debug|Win32
		{59D249B5-B2C4-46B9-9044-8229658A6D09}.Release|x64.ActiveCfg = Release|x64
		{59D249B5-B2C4-46B9-9044-8229658A6D09}.Release|x64.Build.0 = Release|x64
		{59D249B5-B2C4-46B9-9044-8229658A6D09}.Release|x86.ActiveCfg = Release|Win32
		{59D249B5-B2C4-46B9-9044-8229658A6D09}.Release|x86.Build.0 = Release|Win32
	EndGlobalSection
	GlobalSection(SolutionProperties) = preSolution
		HideSolutionNode = FALSE
	EndGlobalSection
	GlobalSection(ExtensibilityGlobals) = postSolution
		SolutionGuid = {6A5445EE-85AC-4767-86A2-5608798C4AB4}
	EndGlobalSection
EndGlobal
